
Microsoft Visual Studio Solution File, Format Version 12.00
# Visual Studio Version 16
VisualStudioVersion = 16.0.32002.261
MinimumVisualStudioVersion = 10.0.40219.1
Project("{FAE04EC0-301F-11D3-BF4B-00C04F79EFBC}") = "WebApplicationonAzure", "WebApplicationonAzure\WebApplicationonAzure.csproj", "{32E250FA-107F-45E9-A1C8-39E82C2A0BDB}"
EndProject
Global
	GlobalSection(SolutionConfigurationPlatforms) = preSolution
		Debug|Any CPU = Debug|Any CPU
		Release|Any CPU = Release|Any CPU
	EndGlobalSection
	GlobalSection(ProjectConfigurationPlatforms) = postSolution
		{32E250FA-107F-45E9-A1C8-39E82C2A0BDB}.Debug|Any CPU.ActiveCfg = Debug|Any CPU
		{32E250FA-107F-45E9-A1C8-39E82C2A0BDB}.Debug|Any CPU.Build.0 = Debug|Any CPU
		{32E250FA-107F-45E9-A1C8-39E82C2A0BDB}.Release|Any CPU.ActiveCfg = Release|Any CPU
		{32E250FA-107F-45E9-A1C8-39E82C2A0BDB}.Release|Any CPU.Build.0 = Release|Any CPU
	EndGlobalSection
	GlobalSection(SolutionProperties) = preSolution
		HideSolutionNode = FALSE
	EndGlobalSection
	GlobalSection(ExtensibilityGlobals) = postSolution
		SolutionGuid = {C8BFE450-0844-4C7F-BF19-12A88F14AEF8}
	EndGlobalSection
EndGlobal
